
Microsoft Visual Studio Solution File, Format Version 12.00
# Visual Studio Version 16
VisualStudioVersion = 16.0.30717.126
MinimumVisualStudioVersion = 10.0.40219.1
Project("{2150E333-8FDC-42A3-9474-1A3956D46DE8}") = "Microservicis", "Microservicis", "{9C21A2A0-3642-4958-B989-07CD59B237FB}"
EndProject
Project("{2150E333-8FDC-42A3-9474-1A3956D46DE8}") = "Domain", "Domain", "{5F1A347D-6142-482E-B112-02C0910D5EAD}"
EndProject
Project("{2150E333-8FDC-42A3-9474-1A3956D46DE8}") = "Infra.Bus", "Infra.Bus", "{93EFA395-30A5-4EF4-9877-506BEFFDA6A1}"
EndProject
Project("{2150E333-8FDC-42A3-9474-1A3956D46DE8}") = "Infra.IoC", "Infra.IoC", "{74597472-E42C-4BF5-9FE7-366EBACA5820}"
EndProject
Project("{2150E333-8FDC-42A3-9474-1A3956D46DE8}") = "Presentation", "Presentation", "{F32981D4-0486-4A24-9ECB-BFB6E53DC202}"
EndProject
Project("{FAE04EC0-301F-11D3-BF4B-00C04F79EFBC}") = "MicroRabbit.Dommain.Core", "MicroRabbit.Dommain.Core\MicroRabbit.Dommain.Core.csproj", "{F3CB28CC-3921-4A51-93F5-F779BE0DC616}"
EndProject
Project("{FAE04EC0-301F-11D3-BF4B-00C04F79EFBC}") = "MicroRabbit.Infra.Bus", "MicroRabbit.Infra.Bus\MicroRabbit.Infra.Bus.csproj", "{E0D3F379-34C6-40F5-9900-3D9CDEE849C1}"
EndProject
Project("{FAE04EC0-301F-11D3-BF4B-00C04F79EFBC}") = "MicroRabbit.Infra.IoC", "MicroRabbit.Infra.IoC\MicroRabbit.Infra.IoC.csproj", "{30A4815E-FF15-4996-BBED-D956A80FE8B8}"
EndProject
Global
	GlobalSection(SolutionConfigurationPlatforms) = preSolution
		Debug|Any CPU = Debug|Any CPU
		Release|Any CPU = Release|Any CPU
	EndGlobalSection
	GlobalSection(ProjectConfigurationPlatforms) = postSolution
		{F3CB28CC-3921-4A51-93F5-F779BE0DC616}.Debug|Any CPU.ActiveCfg = Debug|Any CPU
		{F3CB28CC-3921-4A51-93F5-F779BE0DC616}.Debug|Any CPU.Build.0 = Debug|Any CPU
		{F3CB28CC-3921-4A51-93F5-F779BE0DC616}.Release|Any CPU.ActiveCfg = Release|Any CPU
		{F3CB28CC-3921-4A51-93F5-F779BE0DC616}.Release|Any CPU.Build.0 = Release|Any CPU
		{E0D3F379-34C6-40F5-9900-3D9CDEE849C1}.Debug|Any CPU.ActiveCfg = Debug|Any CPU
		{E0D3F379-34C6-40F5-9900-3D9CDEE849C1}.Debug|Any CPU.Build.0 = Debug|Any CPU
		{E0D3F379-34C6-40F5-9900-3D9CDEE849C1}.Release|Any CPU.ActiveCfg = Release|Any CPU
		{E0D3F379-34C6-40F5-9900-3D9CDEE849C1}.Release|Any CPU.Build.0 = Release|Any CPU
		{30A4815E-FF15-4996-BBED-D956A80FE8B8}.Debug|Any CPU.ActiveCfg = Debug|Any CPU
		{30A4815E-FF15-4996-BBED-D956A80FE8B8}.Debug|Any CPU.Build.0 = Debug|Any CPU
		{30A4815E-FF15-4996-BBED-D956A80FE8B8}.Release|Any CPU.ActiveCfg = Release|Any CPU
		{30A4815E-FF15-4996-BBED-D956A80FE8B8}.Release|Any CPU.Build.0 = Release|Any CPU
	EndGlobalSection
	GlobalSection(SolutionProperties) = preSolution
		HideSolutionNode = FALSE
	EndGlobalSection
	GlobalSection(NestedProjects) = preSolution
		{F3CB28CC-3921-4A51-93F5-F779BE0DC616} = {5F1A347D-6142-482E-B112-02C0910D5EAD}
		{E0D3F379-34C6-40F5-9900-3D9CDEE849C1} = {93EFA395-30A5-4EF4-9877-506BEFFDA6A1}
		{30A4815E-FF15-4996-BBED-D956A80FE8B8} = {74597472-E42C-4BF5-9FE7-366EBACA5820}
	EndGlobalSection
	GlobalSection(ExtensibilityGlobals) = postSolution
		SolutionGuid = {C0E44786-D5C5-4F74-9BD7-196F3CCFDD8D}
	EndGlobalSection
EndGlobal
