
Microsoft Visual Studio Solution File, Format Version 12.00
# Visual Studio Version 16
VisualStudioVersion = 16.0.30717.126
MinimumVisualStudioVersion = 10.0.40219.1
Project("{2150E333-8FDC-42A3-9474-1A3956D46DE8}") = "Microservicis", "Microservicis", "{9C21A2A0-3642-4958-B989-07CD59B237FB}"
EndProject
Project("{2150E333-8FDC-42A3-9474-1A3956D46DE8}") = "Domain", "Domain", "{5F1A347D-6142-482E-B112-02C0910D5EAD}"
EndProject
Project("{2150E333-8FDC-42A3-9474-1A3956D46DE8}") = "Infra.Bus", "Infra.Bus", "{93EFA395-30A5-4EF4-9877-506BEFFDA6A1}"
EndProject
Project("{2150E333-8FDC-42A3-9474-1A3956D46DE8}") = "Infra.IoC", "Infra.IoC", "{74597472-E42C-4BF5-9FE7-366EBACA5820}"
EndProject
Project("{2150E333-8FDC-42A3-9474-1A3956D46DE8}") = "Presentation", "Presentation", "{F32981D4-0486-4A24-9ECB-BFB6E53DC202}"
EndProject
Project("{9A19103F-16F7-4668-BE54-9A1E7A4F7556}") = "MicroRabbit.Dommain.Core", "MicroRabbit.Dommain.Core\MicroRabbit.Dommain.Core.csproj", "{F3CB28CC-3921-4A51-93F5-F779BE0DC616}"
EndProject
Project("{9A19103F-16F7-4668-BE54-9A1E7A4F7556}") = "MicroRabbit.Infra.Bus", "MicroRabbit.Infra.Bus\MicroRabbit.Infra.Bus.csproj", "{E0D3F379-34C6-40F5-9900-3D9CDEE849C1}"
EndProject
Project("{9A19103F-16F7-4668-BE54-9A1E7A4F7556}") = "MicroRabbit.Infra.IoC", "MicroRabbit.Infra.IoC\MicroRabbit.Infra.IoC.csproj", "{30A4815E-FF15-4996-BBED-D956A80FE8B8}"
EndProject
Project("{2150E333-8FDC-42A3-9474-1A3956D46DE8}") = "Banking", "Banking", "{1D33B6BF-8749-4F96-8373-A2285A5265E0}"
EndProject
Project("{2150E333-8FDC-42A3-9474-1A3956D46DE8}") = "Api", "Api", "{F5BE1479-E90F-46EF-9EA1-9DF0F62535A2}"
EndProject
Project("{2150E333-8FDC-42A3-9474-1A3956D46DE8}") = "Domain", "Domain", "{420ABC52-EE3C-40CE-A9AC-5D66EFFEDEE2}"
EndProject
Project("{2150E333-8FDC-42A3-9474-1A3956D46DE8}") = "Application", "Application", "{3309B591-24B4-4F57-83C9-D4E501584ACB}"
EndProject
Project("{2150E333-8FDC-42A3-9474-1A3956D46DE8}") = "Data", "Data", "{0D66C423-7A8E-4EC9-9414-AD1044947F89}"
EndProject
Project("{9A19103F-16F7-4668-BE54-9A1E7A4F7556}") = "MicroRabbit.Banking.Api", "MicroRabbit.Banking.Api\MicroRabbit.Banking.Api.csproj", "{0AF2F35B-FC7F-4F3B-82A8-22746405C300}"
EndProject
Project("{9A19103F-16F7-4668-BE54-9A1E7A4F7556}") = "MicroRabbit.Banking.Application", "Micro.Rabbit.Banking.Application\MicroRabbit.Banking.Application.csproj", "{B2025414-D0C0-4E5C-A226-C7B2214B7262}"
EndProject
Project("{9A19103F-16F7-4668-BE54-9A1E7A4F7556}") = "MicroRabbit.Banking.Data", "Micro.Rabbit.Banking.Data\MicroRabbit.Banking.Data.csproj", "{5342F561-D392-40F0-8E95-83EF22B31B76}"
EndProject
Project("{9A19103F-16F7-4668-BE54-9A1E7A4F7556}") = "MicroRabbit.Banking.Domain", "MicroRabbit.Banking.Domain\MicroRabbit.Banking.Domain.csproj", "{D2FCA3B1-BC32-43AE-8A74-8BAAD034CB06}"
EndProject
Project("{2150E333-8FDC-42A3-9474-1A3956D46DE8}") = "Transfer", "Transfer", "{5848B08C-6418-4237-8FB0-96E43F843ECA}"
EndProject
Project("{2150E333-8FDC-42A3-9474-1A3956D46DE8}") = "Api", "Api", "{99EAD5B5-0F73-4C22-9544-AB000A840305}"
EndProject
Project("{2150E333-8FDC-42A3-9474-1A3956D46DE8}") = "Application", "Application", "{53CE637C-84F5-44B5-98B6-E4847BF4B7FC}"
EndProject
Project("{2150E333-8FDC-42A3-9474-1A3956D46DE8}") = "Data", "Data", "{5E40FEC3-D6E6-42BA-B709-AA91664235F8}"
EndProject
Project("{2150E333-8FDC-42A3-9474-1A3956D46DE8}") = "Domain", "Domain", "{A8DB6BFD-31B5-47D6-B72D-78BEFCD542A4}"
EndProject
Project("{FAE04EC0-301F-11D3-BF4B-00C04F79EFBC}") = "MicroRabbit.Transfer.Api", "MicroRabbit.Transfer.Api\MicroRabbit.Transfer.Api.csproj", "{8A21964A-FE1C-4D78-AA83-D1C8F5B0A729}"
EndProject
Project("{FAE04EC0-301F-11D3-BF4B-00C04F79EFBC}") = "MicroRabbit.Transfer.Application", "MicroRabbit.Transfer.Application\MicroRabbit.Transfer.Application.csproj", "{C7A20E80-A97E-47E7-9198-734C19286F62}"
EndProject
Project("{FAE04EC0-301F-11D3-BF4B-00C04F79EFBC}") = "MicroRabbit.Tranfer.Domain", "MicroRabbit.Tranfer.Domain\MicroRabbit.Tranfer.Domain.csproj", "{60766258-1F08-47FD-91E6-7E7AB7DB4610}"
EndProject
Project("{FAE04EC0-301F-11D3-BF4B-00C04F79EFBC}") = "MicroRabbit.Transfer.Data", "MicroRabbit.Transfer.Data\MicroRabbit.Transfer.Data.csproj", "{EC3C9402-A175-431E-BD25-FA08AEFD5792}"
EndProject
Global
	GlobalSection(SolutionConfigurationPlatforms) = preSolution
		Debug|Any CPU = Debug|Any CPU
		Release|Any CPU = Release|Any CPU
	EndGlobalSection
	GlobalSection(ProjectConfigurationPlatforms) = postSolution
		{F3CB28CC-3921-4A51-93F5-F779BE0DC616}.Debug|Any CPU.ActiveCfg = Debug|Any CPU
		{F3CB28CC-3921-4A51-93F5-F779BE0DC616}.Debug|Any CPU.Build.0 = Debug|Any CPU
		{F3CB28CC-3921-4A51-93F5-F779BE0DC616}.Release|Any CPU.ActiveCfg = Release|Any CPU
		{F3CB28CC-3921-4A51-93F5-F779BE0DC616}.Release|Any CPU.Build.0 = Release|Any CPU
		{E0D3F379-34C6-40F5-9900-3D9CDEE849C1}.Debug|Any CPU.ActiveCfg = Debug|Any CPU
		{E0D3F379-34C6-40F5-9900-3D9CDEE849C1}.Debug|Any CPU.Build.0 = Debug|Any CPU
		{E0D3F379-34C6-40F5-9900-3D9CDEE849C1}.Release|Any CPU.ActiveCfg = Release|Any CPU
		{E0D3F379-34C6-40F5-9900-3D9CDEE849C1}.Release|Any CPU.Build.0 = Release|Any CPU
		{30A4815E-FF15-4996-BBED-D956A80FE8B8}.Debug|Any CPU.ActiveCfg = Debug|Any CPU
		{30A4815E-FF15-4996-BBED-D956A80FE8B8}.Debug|Any CPU.Build.0 = Debug|Any CPU
		{30A4815E-FF15-4996-BBED-D956A80FE8B8}.Release|Any CPU.ActiveCfg = Release|Any CPU
		{30A4815E-FF15-4996-BBED-D956A80FE8B8}.Release|Any CPU.Build.0 = Release|Any CPU
		{0AF2F35B-FC7F-4F3B-82A8-22746405C300}.Debug|Any CPU.ActiveCfg = Debug|Any CPU
		{0AF2F35B-FC7F-4F3B-82A8-22746405C300}.Debug|Any CPU.Build.0 = Debug|Any CPU
		{0AF2F35B-FC7F-4F3B-82A8-22746405C300}.Release|Any CPU.ActiveCfg = Release|Any CPU
		{0AF2F35B-FC7F-4F3B-82A8-22746405C300}.Release|Any CPU.Build.0 = Release|Any CPU
		{B2025414-D0C0-4E5C-A226-C7B2214B7262}.Debug|Any CPU.ActiveCfg = Debug|Any CPU
		{B2025414-D0C0-4E5C-A226-C7B2214B7262}.Debug|Any CPU.Build.0 = Debug|Any CPU
		{B2025414-D0C0-4E5C-A226-C7B2214B7262}.Release|Any CPU.ActiveCfg = Release|Any CPU
		{B2025414-D0C0-4E5C-A226-C7B2214B7262}.Release|Any CPU.Build.0 = Release|Any CPU
		{5342F561-D392-40F0-8E95-83EF22B31B76}.Debug|Any CPU.ActiveCfg = Debug|Any CPU
		{5342F561-D392-40F0-8E95-83EF22B31B76}.Debug|Any CPU.Build.0 = Debug|Any CPU
		{5342F561-D392-40F0-8E95-83EF22B31B76}.Release|Any CPU.ActiveCfg = Release|Any CPU
		{5342F561-D392-40F0-8E95-83EF22B31B76}.Release|Any CPU.Build.0 = Release|Any CPU
		{D2FCA3B1-BC32-43AE-8A74-8BAAD034CB06}.Debug|Any CPU.ActiveCfg = Debug|Any CPU
		{D2FCA3B1-BC32-43AE-8A74-8BAAD034CB06}.Debug|Any CPU.Build.0 = Debug|Any CPU
		{D2FCA3B1-BC32-43AE-8A74-8BAAD034CB06}.Release|Any CPU.ActiveCfg = Release|Any CPU
		{D2FCA3B1-BC32-43AE-8A74-8BAAD034CB06}.Release|Any CPU.Build.0 = Release|Any CPU
		{8A21964A-FE1C-4D78-AA83-D1C8F5B0A729}.Debug|Any CPU.ActiveCfg = Debug|Any CPU
		{8A21964A-FE1C-4D78-AA83-D1C8F5B0A729}.Debug|Any CPU.Build.0 = Debug|Any CPU
		{8A21964A-FE1C-4D78-AA83-D1C8F5B0A729}.Release|Any CPU.ActiveCfg = Release|Any CPU
		{8A21964A-FE1C-4D78-AA83-D1C8F5B0A729}.Release|Any CPU.Build.0 = Release|Any CPU
		{C7A20E80-A97E-47E7-9198-734C19286F62}.Debug|Any CPU.ActiveCfg = Debug|Any CPU
		{C7A20E80-A97E-47E7-9198-734C19286F62}.Debug|Any CPU.Build.0 = Debug|Any CPU
		{C7A20E80-A97E-47E7-9198-734C19286F62}.Release|Any CPU.ActiveCfg = Release|Any CPU
		{C7A20E80-A97E-47E7-9198-734C19286F62}.Release|Any CPU.Build.0 = Release|Any CPU
		{60766258-1F08-47FD-91E6-7E7AB7DB4610}.Debug|Any CPU.ActiveCfg = Debug|Any CPU
		{60766258-1F08-47FD-91E6-7E7AB7DB4610}.Debug|Any CPU.Build.0 = Debug|Any CPU
		{60766258-1F08-47FD-91E6-7E7AB7DB4610}.Release|Any CPU.ActiveCfg = Release|Any CPU
		{60766258-1F08-47FD-91E6-7E7AB7DB4610}.Release|Any CPU.Build.0 = Release|Any CPU
		{EC3C9402-A175-431E-BD25-FA08AEFD5792}.Debug|Any CPU.ActiveCfg = Debug|Any CPU
		{EC3C9402-A175-431E-BD25-FA08AEFD5792}.Debug|Any CPU.Build.0 = Debug|Any CPU
		{EC3C9402-A175-431E-BD25-FA08AEFD5792}.Release|Any CPU.ActiveCfg = Release|Any CPU
		{EC3C9402-A175-431E-BD25-FA08AEFD5792}.Release|Any CPU.Build.0 = Release|Any CPU
	EndGlobalSection
	GlobalSection(SolutionProperties) = preSolution
		HideSolutionNode = FALSE
	EndGlobalSection
	GlobalSection(NestedProjects) = preSolution
		{F3CB28CC-3921-4A51-93F5-F779BE0DC616} = {5F1A347D-6142-482E-B112-02C0910D5EAD}
		{E0D3F379-34C6-40F5-9900-3D9CDEE849C1} = {93EFA395-30A5-4EF4-9877-506BEFFDA6A1}
		{30A4815E-FF15-4996-BBED-D956A80FE8B8} = {74597472-E42C-4BF5-9FE7-366EBACA5820}
		{1D33B6BF-8749-4F96-8373-A2285A5265E0} = {9C21A2A0-3642-4958-B989-07CD59B237FB}
		{F5BE1479-E90F-46EF-9EA1-9DF0F62535A2} = {1D33B6BF-8749-4F96-8373-A2285A5265E0}
		{420ABC52-EE3C-40CE-A9AC-5D66EFFEDEE2} = {1D33B6BF-8749-4F96-8373-A2285A5265E0}
		{3309B591-24B4-4F57-83C9-D4E501584ACB} = {1D33B6BF-8749-4F96-8373-A2285A5265E0}
		{0D66C423-7A8E-4EC9-9414-AD1044947F89} = {1D33B6BF-8749-4F96-8373-A2285A5265E0}
		{0AF2F35B-FC7F-4F3B-82A8-22746405C300} = {F5BE1479-E90F-46EF-9EA1-9DF0F62535A2}
		{B2025414-D0C0-4E5C-A226-C7B2214B7262} = {3309B591-24B4-4F57-83C9-D4E501584ACB}
		{5342F561-D392-40F0-8E95-83EF22B31B76} = {0D66C423-7A8E-4EC9-9414-AD1044947F89}
		{D2FCA3B1-BC32-43AE-8A74-8BAAD034CB06} = {420ABC52-EE3C-40CE-A9AC-5D66EFFEDEE2}
		{5848B08C-6418-4237-8FB0-96E43F843ECA} = {9C21A2A0-3642-4958-B989-07CD59B237FB}
		{99EAD5B5-0F73-4C22-9544-AB000A840305} = {5848B08C-6418-4237-8FB0-96E43F843ECA}
		{53CE637C-84F5-44B5-98B6-E4847BF4B7FC} = {5848B08C-6418-4237-8FB0-96E43F843ECA}
		{5E40FEC3-D6E6-42BA-B709-AA91664235F8} = {5848B08C-6418-4237-8FB0-96E43F843ECA}
		{A8DB6BFD-31B5-47D6-B72D-78BEFCD542A4} = {5848B08C-6418-4237-8FB0-96E43F843ECA}
		{8A21964A-FE1C-4D78-AA83-D1C8F5B0A729} = {99EAD5B5-0F73-4C22-9544-AB000A840305}
		{C7A20E80-A97E-47E7-9198-734C19286F62} = {53CE637C-84F5-44B5-98B6-E4847BF4B7FC}
		{60766258-1F08-47FD-91E6-7E7AB7DB4610} = {A8DB6BFD-31B5-47D6-B72D-78BEFCD542A4}
		{EC3C9402-A175-431E-BD25-FA08AEFD5792} = {5E40FEC3-D6E6-42BA-B709-AA91664235F8}
	EndGlobalSection
	GlobalSection(ExtensibilityGlobals) = postSolution
		SolutionGuid = {C0E44786-D5C5-4F74-9BD7-196F3CCFDD8D}
	EndGlobalSection
EndGlobal
